<?xml version="1.0" encoding="utf-8"?>
<Project xmlns="http://schemas.microsoft.com/developer/msbuild/2003">
  <ItemGroup>
    <Filter Include="Form Files">
      <UniqueIdentifier>{99349809-55BA-4b9d-BF79-8FDBB0286EB3}</UniqueIdentifier>
      <Extensions>ui</Extensions>
      <ParseFiles>false</ParseFiles>
    </Filter>
    <Filter Include="Form Files">
      <UniqueIdentifier>{99349809-55BA-4b9d-BF79-8FDBB0286EB3}</UniqueIdentifier>
      <Extensions>ui</Extensions>
      <ParseFiles>false</ParseFiles>
    </Filter>
    <Filter Include="Generated Files">
      <UniqueIdentifier>{71ED8ED8-ACB9-4CE9-BBE1-E00B30144E11}</UniqueIdentifier>
      <Extensions>cpp;c;cxx;moc;h;def;odl;idl;res;</Extensions>
    </Filter>
    <Filter Include="Generated Files">
      <UniqueIdentifier>{71ED8ED8-ACB9-4CE9-BBE1-E00B30144E11}</UniqueIdentifier>
      <Extensions>cpp;c;cxx;moc;h;def;odl;idl;res;</Extensions>
    </Filter>
    <Filter Include="Header Files">
      <UniqueIdentifier>{93995380-89BD-4b04-88EB-625FBE52EBFB}</UniqueIdentifier>
      <Extensions>h;hpp;hxx;hm;inl;inc;xsd</Extensions>
    </Filter>
    <Filter Include="Header Files">
      <UniqueIdentifier>{93995380-89BD-4b04-88EB-625FBE52EBFB}</UniqueIdentifier>
      <Extensions>h;hpp;hxx;hm;inl;inc;xsd</Extensions>
    </Filter>
    <Filter Include="Resource Files">
      <UniqueIdentifier>{D9D6E242-F8AF-46E4-B9FD-80ECBC20BA3E}</UniqueIdentifier>
      <Extensions>qrc;*</Extensions>
      <ParseFiles>false</ParseFiles>
    </Filter>
    <Filter Include="Resource Files">
      <UniqueIdentifier>{D9D6E242-F8AF-46E4-B9FD-80ECBC20BA3E}</UniqueIdentifier>
      <Extensions>qrc;*</Extensions>
      <ParseFiles>false</ParseFiles>
    </Filter>
    <Filter Include="Source Files">
      <UniqueIdentifier>{4FC737F1-C7A5-4376-A066-2A32D752A2FF}</UniqueIdentifier>
      <Extensions>cpp;c;cxx;def;odl;idl;hpj;bat;asm;asmx</Extensions>
    </Filter>
    <Filter Include="Source Files">
      <UniqueIdentifier>{4FC737F1-C7A5-4376-A066-2A32D752A2FF}</UniqueIdentifier>
      <Extensions>cpp;c;cxx;def;odl;idl;hpj;bat;asm;asmx</Extensions>
    </Filter>
    <Filter Include="Translation Files">
      <UniqueIdentifier>{639EADAA-A684-42e4-A9AD-28FC9BCB8F7C}</UniqueIdentifier>
      <Extensions>ts;xlf</Extensions>
      <ParseFiles>false</ParseFiles>
    </Filter>
    <Filter Include="Translation Files">
      <UniqueIdentifier>{639EADAA-A684-42e4-A9AD-28FC9BCB8F7C}</UniqueIdentifier>
      <Extensions>ts;xlf</Extensions>
      <ParseFiles>false</ParseFiles>
    </Filter>
    <Filter Include="Form Files\Tool Windows">
      <UniqueIdentifier>{138430b3-3333-45fe-acbd-b6c9ae59080a}</UniqueIdentifier>
    </Filter>
    <Filter Include="Form Files\Property Dialogs">
      <UniqueIdentifier>{f2913d4b-7eec-4d0a-ba08-83ab0a51f95e}</UniqueIdentifier>
    </Filter>
    <Filter Include="Header Files\ui">
      <UniqueIdentifier>{47c1e8f4-ea16-42de-82a7-0b82fb021b8e}</UniqueIdentifier>
    </Filter>
    <Filter Include="Header Files\ui\Tool Windows">
      <UniqueIdentifier>{89175809-3287-4a99-81f8-554b0958f7c7}</UniqueIdentifier>
    </Filter>
    <Filter Include="Header Files\ui\Dialogs">
      <UniqueIdentifier>{48ebd746-21b3-41ae-9ed3-04511b9e6a19}</UniqueIdentifier>
    </Filter>
    <Filter Include="Form Files\Dialogs">
      <UniqueIdentifier>{89f4cd9c-4769-4988-8e0f-f1abac709cc3}</UniqueIdentifier>
    </Filter>
    <Filter Include="Source Files\ui">
      <UniqueIdentifier>{894bbf8a-9c61-421f-834a-b5f67bd99d5b}</UniqueIdentifier>
    </Filter>
    <Filter Include="Source Files\ui\Dialogs">
      <UniqueIdentifier>{0fa14f28-8f84-49a2-896b-edb659451c54}</UniqueIdentifier>
    </Filter>
    <Filter Include="Source Files\ui\Tool Windows">
      <UniqueIdentifier>{ca6f3541-00b3-4f73-9d9c-fb02591316ab}</UniqueIdentifier>
    </Filter>
    <Filter Include="Source Files\layers">
      <UniqueIdentifier>{065d1440-43c5-4d2b-98f8-459e29375394}</UniqueIdentifier>
    </Filter>
    <Filter Include="Header Files\undo">
      <UniqueIdentifier>{059e5c57-704a-454c-8904-e9b62dd8173b}</UniqueIdentifier>
    </Filter>
    <Filter Include="Header Files\ui\Controls">
      <UniqueIdentifier>{34c6b9d5-07f2-4da3-8a73-fde09c958ec6}</UniqueIdentifier>
    </Filter>
    <Filter Include="Source Files\ui\Controls">
      <UniqueIdentifier>{8cd4ced9-20db-415f-b288-086c1c9f4cac}</UniqueIdentifier>
    </Filter>
    <Filter Include="Header Files\DataMappers">
      <UniqueIdentifier>{ff4d843f-e4f7-4d91-88c8-cf0cc930e307}</UniqueIdentifier>
    </Filter>
    <Filter Include="Source Files\DataMappers">
      <UniqueIdentifier>{c97898bf-817b-4f33-9c6f-173c7c57d4ed}</UniqueIdentifier>
    </Filter>
    <Filter Include="Header Files\ui\Dialogs\ScenarioSettings">
      <UniqueIdentifier>{5b736d7e-a8e8-48cf-82f8-b9494b75b1a0}</UniqueIdentifier>
    </Filter>
    <Filter Include="Source Files\ui\Dialogs\ScenarioSettings">
      <UniqueIdentifier>{6fa4aaa2-5cfb-4dc9-8fb0-b9e1eb2a2027}</UniqueIdentifier>
    </Filter>
    <Filter Include="Form Files\Dialogs\ScenarioSettings">
      <UniqueIdentifier>{9c956ad6-59df-458f-ab6b-b643e89ca0f0}</UniqueIdentifier>
    </Filter>
  </ItemGroup>
  <ItemGroup>
    <ClCompile Include="main.cpp">
      <Filter>Source Files</Filter>
    </ClCompile>
    <ClCompile Include="terrain.cpp">
      <Filter>Source Files</Filter>
    </ClCompile>
    <ClCompile Include="doodadpalette.cpp">
      <Filter>Source Files\ui\Tool Windows</Filter>
    </ClCompile>
    <ClCompile Include="itempalette.cpp">
      <Filter>Source Files\ui\Tool Windows</Filter>
    </ClCompile>
    <ClCompile Include="minimap.cpp">
      <Filter>Source Files\ui\Tool Windows</Filter>
    </ClCompile>
    <ClCompile Include="outputwindow.cpp">
      <Filter>Source Files\ui\Tool Windows</Filter>
    </ClCompile>
    <ClCompile Include="recenttiles.cpp">
      <Filter>Source Files\ui\Tool Windows</Filter>
    </ClCompile>
    <ClCompile Include="terrainbrush.cpp">
      <Filter>Source Files\ui\Tool Windows</Filter>
    </ClCompile>
    <ClCompile Include="tilepalette.cpp">
      <Filter>Source Files\ui\Tool Windows</Filter>
    </ClCompile>
    <ClCompile Include="exportimage.cpp">
      <Filter>Source Files\ui\Dialogs</Filter>
    </ClCompile>
    <ClCompile Include="exportsections.cpp">
      <Filter>Source Files\ui\Dialogs</Filter>
    </ClCompile>
    <ClCompile Include="filemanager.cpp">
      <Filter>Source Files\ui\Dialogs</Filter>
    </ClCompile>
    <ClCompile Include="importsections.cpp">
      <Filter>Source Files\ui\Dialogs</Filter>
    </ClCompile>
    <ClCompile Include="itemtree.cpp">
      <Filter>Source Files\ui\Tool Windows</Filter>
    </ClCompile>
    <ClCompile Include="mainwindow.cpp">
      <Filter>Source Files\ui</Filter>
    </ClCompile>
    <ClCompile Include="mapview.cpp">
      <Filter>Source Files\ui</Filter>
    </ClCompile>
    <ClCompile Include="newmap.cpp">
      <Filter>Source Files\ui\Dialogs</Filter>
    </ClCompile>
    <ClCompile Include="previewpainter.cpp">
      <Filter>Source Files\ui\Dialogs</Filter>
    </ClCompile>
    <ClCompile Include="savemap.cpp">
      <Filter>Source Files\ui\Dialogs</Filter>
    </ClCompile>
    <ClCompile Include="stringmanager.cpp">
      <Filter>Source Files\ui\Dialogs</Filter>
    </ClCompile>
    <ClCompile Include="about.cpp">
      <Filter>Source Files\ui\Dialogs</Filter>
    </ClCompile>
    <ClCompile Include="MapContext.cpp">
      <Filter>Source Files</Filter>
    </ClCompile>
    <ClCompile Include="MapContext_OpenBW.cpp">
      <Filter>Source Files</Filter>
    </ClCompile>
    <ClCompile Include="icons.cpp">
      <Filter>Source Files</Filter>
    </ClCompile>
    <ClCompile Include="layers.cpp">
      <Filter>Source Files\layers</Filter>
    </ClCompile>
    <ClCompile Include="layer_select.cpp">
      <Filter>Source Files\layers</Filter>
    </ClCompile>
    <ClCompile Include="layer_terrain.cpp">
      <Filter>Source Files\layers</Filter>
    </ClCompile>
    <ClCompile Include="layer_unit.cpp">
      <Filter>Source Files\layers</Filter>
    </ClCompile>
    <ClCompile Include="layer_sprite.cpp">
      <Filter>Source Files\layers</Filter>
    </ClCompile>
    <ClCompile Include="layer_doodad.cpp">
      <Filter>Source Files\layers</Filter>
    </ClCompile>
    <ClCompile Include="layer_fog.cpp">
      <Filter>Source Files\layers</Filter>
    </ClCompile>
    <ClCompile Include="layer_location.cpp">
      <Filter>Source Files\layers</Filter>
    </ClCompile>
    <ClCompile Include="PlaceUnitAction.cpp">
      <Filter>Header Files\undo</Filter>
    </ClCompile>
    <ClCompile Include="scenariodescription.cpp">
      <Filter>Source Files\ui\Dialogs</Filter>
    </ClCompile>
    <ClCompile Include="charmap.cpp">
      <Filter>Source Files\ui</Filter>
    </ClCompile>
    <ClCompile Include="CharacterWidget.cpp">
      <Filter>Source Files\ui</Filter>
    </ClCompile>
    <ClCompile Include="tristategroupbox.cpp">
      <Filter>Source Files\ui\Controls</Filter>
    </ClCompile>
    <ClCompile Include="strings.cpp">
      <Filter>Source Files</Filter>
    </ClCompile>
    <ClCompile Include="scenariosettings.cpp">
      <Filter>Source Files\ui\Dialogs\ScenarioSettings</Filter>
    </ClCompile>
    <ClCompile Include="abilitiestab.cpp">
      <Filter>Source Files\ui\Dialogs\ScenarioSettings</Filter>
    </ClCompile>
    <ClCompile Include="forcestab.cpp">
      <Filter>Source Files\ui\Dialogs\ScenarioSettings</Filter>
    </ClCompile>
    <ClCompile Include="playerstab.cpp">
      <Filter>Source Files\ui\Dialogs\ScenarioSettings</Filter>
    </ClCompile>
    <ClCompile Include="unitstab.cpp">
      <Filter>Source Files\ui\Dialogs\ScenarioSettings</Filter>
    </ClCompile>
    <ClCompile Include="upgradestab.cpp">
      <Filter>Source Files\ui\Dialogs\ScenarioSettings</Filter>
    </ClCompile>
    <ClCompile Include="scenariosettingstab.cpp">
      <Filter>Source Files\ui\Dialogs\ScenarioSettings</Filter>
    </ClCompile>
    <ClCompile Include="OpenSave.cpp">
      <Filter>Source Files\ui</Filter>
    </ClCompile>
    <ClCompile Include="Utils.cpp">
      <Filter>Source Files</Filter>
    </ClCompile>
  </ItemGroup>
  <ItemGroup>
    <ClInclude Include="layers.h">
      <Filter>Header Files</Filter>
    </ClInclude>
    <ClInclude Include="terrain.h">
      <Filter>Header Files</Filter>
    </ClInclude>
    <QtMoc Include="mainwindow.h">
      <Filter>Header Files\ui</Filter>
    </QtMoc>
    <QtMoc Include="mapview.h">
      <Filter>Header Files\ui</Filter>
    </QtMoc>
    <ClInclude Include="dockwidgetwrapper.h">
      <Filter>Header Files\ui\Tool Windows</Filter>
    </ClInclude>
    <ClInclude Include="icons.h">
      <Filter>Header Files</Filter>
    </ClInclude>
    <ClInclude Include="UnitFinder.h">
      <Filter>Header Files</Filter>
    </ClInclude>
    <ClInclude Include="UndoManager.h">
      <Filter>Header Files\undo</Filter>
    </ClInclude>
    <ClInclude Include="Action.h">
      <Filter>Header Files\undo</Filter>
    </ClInclude>
    <ClInclude Include="CompoundAction.h">
      <Filter>Header Files\undo</Filter>
    </ClInclude>
    <ClInclude Include="PlaceUnitAction.h">
      <Filter>Header Files\undo</Filter>
    </ClInclude>
    <ClInclude Include="strings.h">
      <Filter>Header Files</Filter>
    </ClInclude>
    <ClInclude Include="RadioDataMapper.h">
      <Filter>Header Files\DataMappers</Filter>
    </ClInclude>
    <ClInclude Include="DataMapper.h">
      <Filter>Header Files\DataMappers</Filter>
    </ClInclude>
    <ClInclude Include="CheckboxDataMapper.h">
      <Filter>Header Files\DataMappers</Filter>
    </ClInclude>
    <ClInclude Include="scenariosettingsdata.h">
      <Filter>Header Files\ui\Dialogs\ScenarioSettings</Filter>
    </ClInclude>
    <ClInclude Include="OpenSave.h">
      <Filter>Header Files\ui</Filter>
    </ClInclude>
    <ClInclude Include="Utils.h">
      <Filter>Header Files</Filter>
    </ClInclude>
  </ItemGroup>
  <ItemGroup>
    <CustomBuild Include="debug\moc_predefs.h.cbt">
      <Filter>Generated Files</Filter>
    </CustomBuild>
    <CustomBuild Include="release\moc_predefs.h.cbt">
      <Filter>Generated Files</Filter>
    </CustomBuild>
  </ItemGroup>
  <ItemGroup>
    <None Include="ChkForge_en_CA.ts">
      <Filter>Translation Files</Filter>
    </None>
  </ItemGroup>
  <ItemGroup>
    <QtUic Include="mainwindow.ui">
      <Filter>Form Files</Filter>
    </QtUic>
    <QtUic Include="mapview.ui">
      <Filter>Form Files</Filter>
    </QtUic>
    <QtUic Include="doodadpalette.ui">
      <Filter>Form Files\Tool Windows</Filter>
    </QtUic>
    <QtUic Include="itempalette.ui">
      <Filter>Form Files\Tool Windows</Filter>
    </QtUic>
    <QtUic Include="itemtree.ui">
      <Filter>Form Files\Tool Windows</Filter>
    </QtUic>
    <QtUic Include="locationproperties.ui">
      <Filter>Form Files\Property Dialogs</Filter>
    </QtUic>
    <QtUic Include="minimap.ui">
      <Filter>Form Files\Tool Windows</Filter>
    </QtUic>
    <QtUic Include="outputwindow.ui">
      <Filter>Form Files\Tool Windows</Filter>
    </QtUic>
    <QtUic Include="recenttiles.ui">
      <Filter>Form Files\Tool Windows</Filter>
    </QtUic>
    <QtUic Include="spriteproperties.ui">
      <Filter>Form Files\Property Dialogs</Filter>
    </QtUic>
    <QtUic Include="unitproperties.ui">
      <Filter>Form Files\Property Dialogs</Filter>
    </QtUic>
    <QtUic Include="terrainbrush.ui">
      <Filter>Form Files\Tool Windows</Filter>
    </QtUic>
    <QtUic Include="tilepalette.ui">
      <Filter>Form Files\Tool Windows</Filter>
    </QtUic>
    <QtUic Include="aboutdlg.ui">
      <Filter>Form Files\Dialogs</Filter>
    </QtUic>
    <QtUic Include="exportimage.ui">
      <Filter>Form Files\Dialogs</Filter>
    </QtUic>
    <QtUic Include="exportsections.ui">
      <Filter>Form Files\Dialogs</Filter>
    </QtUic>
    <QtUic Include="filemanager.ui">
      <Filter>Form Files\Dialogs</Filter>
    </QtUic>
    <QtUic Include="importsections.ui">
      <Filter>Form Files\Dialogs</Filter>
    </QtUic>
    <QtUic Include="newmap.ui">
      <Filter>Form Files\Dialogs</Filter>
    </QtUic>
    <QtUic Include="previewpainter.ui">
      <Filter>Form Files\Dialogs</Filter>
    </QtUic>
    <QtUic Include="savemap.ui">
      <Filter>Form Files\Dialogs</Filter>
    </QtUic>
    <QtUic Include="stringmanager.ui">
      <Filter>Form Files\Dialogs</Filter>
    </QtUic>
    <QtUic Include="statusbar.ui">
      <Filter>Form Files</Filter>
    </QtUic>
    <QtUic Include="toolbars.ui">
      <Filter>Form Files</Filter>
    </QtUic>
    <QtUic Include="scenariodescription.ui">
      <Filter>Form Files\Dialogs</Filter>
    </QtUic>
    <QtUic Include="charmap.ui">
      <Filter>Form Files</Filter>
    </QtUic>
    <QtUic Include="scenariosettings.ui">
      <Filter>Form Files\Dialogs\ScenarioSettings</Filter>
    </QtUic>
    <QtUic Include="abilitiestab.ui">
      <Filter>Form Files\Dialogs\ScenarioSettings</Filter>
    </QtUic>
    <QtUic Include="upgradestab.ui">
      <Filter>Form Files\Dialogs\ScenarioSettings</Filter>
    </QtUic>
    <QtUic Include="unitstab.ui">
      <Filter>Form Files\Dialogs\ScenarioSettings</Filter>
    </QtUic>
    <QtUic Include="forcestab.ui">
      <Filter>Form Files\Dialogs\ScenarioSettings</Filter>
    </QtUic>
    <QtUic Include="playerstab.ui">
      <Filter>Form Files\Dialogs\ScenarioSettings</Filter>
    </QtUic>
  </ItemGroup>
  <ItemGroup>
    <QtRcc Include="ChkForge.qrc">
      <Filter>Resource Files</Filter>
    </QtRcc>
    <QtRcc Include="Icons.qrc">
      <Filter>Resource Files</Filter>
    </QtRcc>
    <None Include="sprites.txt">
      <Filter>Resource Files</Filter>
    </None>
    <None Include="techs.txt">
      <Filter>Resource Files</Filter>
    </None>
    <None Include="terrain.txt">
      <Filter>Resource Files</Filter>
    </None>
    <None Include="units.txt">
      <Filter>Resource Files</Filter>
    </None>
    <None Include="upgrades.txt">
      <Filter>Resource Files</Filter>
    </None>
    <None Include="weapons.txt">
      <Filter>Resource Files</Filter>
    </None>
    <QtRcc Include="..\oxygen-subset.qrc">
      <Filter>Resource Files</Filter>
    </QtRcc>
  </ItemGroup>
  <ItemGroup>
    <QtMoc Include="doodadpalette.h">
      <Filter>Header Files\ui\Tool Windows</Filter>
    </QtMoc>
    <QtMoc Include="itempalette.h">
      <Filter>Header Files\ui\Tool Windows</Filter>
    </QtMoc>
    <QtMoc Include="itemtree.h">
      <Filter>Header Files\ui\Tool Windows</Filter>
    </QtMoc>
    <QtMoc Include="minimap.h">
      <Filter>Header Files\ui\Tool Windows</Filter>
    </QtMoc>
    <QtMoc Include="outputwindow.h">
      <Filter>Header Files\ui\Tool Windows</Filter>
    </QtMoc>
    <QtMoc Include="recenttiles.h">
      <Filter>Header Files\ui\Tool Windows</Filter>
    </QtMoc>
    <QtMoc Include="terrainbrush.h">
      <Filter>Header Files\ui\Tool Windows</Filter>
    </QtMoc>
    <QtMoc Include="tilepalette.h">
      <Filter>Header Files\ui\Tool Windows</Filter>
    </QtMoc>
    <QtMoc Include="newmap.h">
      <Filter>Header Files\ui\Dialogs</Filter>
    </QtMoc>
    <QtMoc Include="filemanager.h">
      <Filter>Header Files\ui\Dialogs</Filter>
    </QtMoc>
    <QtMoc Include="exportsections.h">
      <Filter>Header Files\ui\Dialogs</Filter>
    </QtMoc>
    <QtMoc Include="exportimage.h">
      <Filter>Header Files\ui\Dialogs</Filter>
    </QtMoc>
    <QtMoc Include="importsections.h">
      <Filter>Header Files\ui\Dialogs</Filter>
    </QtMoc>
    <QtMoc Include="savemap.h">
      <Filter>Header Files\ui\Dialogs</Filter>
    </QtMoc>
    <QtMoc Include="stringmanager.h">
      <Filter>Header Files\ui\Dialogs</Filter>
    </QtMoc>
    <QtMoc Include="previewpainter.h">
      <Filter>Header Files\ui\Dialogs</Filter>
    </QtMoc>
    <QtMoc Include="about.h">
      <Filter>Header Files\ui\Dialogs</Filter>
    </QtMoc>
    <QtMoc Include="MapContext.h">
      <Filter>Header Files</Filter>
    </QtMoc>
    <QtMoc Include="scenariodescription.h">
      <Filter>Header Files\ui\Dialogs</Filter>
    </QtMoc>
    <QtMoc Include="charmap.h">
      <Filter>Header Files\ui</Filter>
    </QtMoc>
    <QtMoc Include="CharacterWidget.h">
      <Filter>Header Files\ui</Filter>
    </QtMoc>
    <QtMoc Include="tristategroupbox.h">
      <Filter>Header Files\ui\Controls</Filter>
    </QtMoc>
    <QtMoc Include="scenariosettings.h">
      <Filter>Header Files\ui\Dialogs\ScenarioSettings</Filter>
    </QtMoc>
    <QtMoc Include="abilitiestab.h">
      <Filter>Header Files\ui\Dialogs\ScenarioSettings</Filter>
    </QtMoc>
    <QtMoc Include="forcestab.h">
      <Filter>Header Files\ui\Dialogs\ScenarioSettings</Filter>
    </QtMoc>
    <QtMoc Include="playerstab.h">
      <Filter>Header Files\ui\Dialogs\ScenarioSettings</Filter>
    </QtMoc>
    <QtMoc Include="unitstab.h">
      <Filter>Header Files\ui\Dialogs\ScenarioSettings</Filter>
    </QtMoc>
    <QtMoc Include="upgradestab.h">
      <Filter>Header Files\ui\Dialogs\ScenarioSettings</Filter>
    </QtMoc>
    <QtMoc Include="scenariosettingstab.h">
      <Filter>Header Files\ui\Dialogs\ScenarioSettings</Filter>
    </QtMoc>
  </ItemGroup>
</Project>