<?xml version="1.0" encoding="utf-8"?>
<Project ToolsVersion="4.0" xmlns="http://schemas.microsoft.com/developer/msbuild/2003">
  <ItemGroup>
    <Filter Include="Source Files">
      <UniqueIdentifier>{4FC737F1-C7A5-4376-A066-2A32D752A2FF}</UniqueIdentifier>
      <Extensions>cpp;c;cc;cxx;def;odl;idl;hpj;bat;asm;asmx</Extensions>
    </Filter>
    <Filter Include="Header Files">
      <UniqueIdentifier>{93995380-89BD-4b04-88EB-625FBE52EBFB}</UniqueIdentifier>
      <Extensions>h;hh;hpp;hxx;hm;inl;inc;xsd</Extensions>
    </Filter>
    <Filter Include="Resource Files">
      <UniqueIdentifier>{67DA6AB6-F800-4c08-8B7A-83BB121AAD01}</UniqueIdentifier>
      <Extensions>rc;ico;cur;bmp;dlg;rc2;rct;bin;rgs;gif;jpg;jpeg;jpe;resx;tiff;tif;png;wav;mfcribbon-ms</Extensions>
    </Filter>
    <Filter Include="Resource Files">
      <UniqueIdentifier>{D9D6E242-F8AF-46E4-B9FD-80ECBC20BA3E}</UniqueIdentifier>
      <Extensions>qrc;*</Extensions>
      <ParseFiles>false</ParseFiles>
    </Filter>
  </ItemGroup>
  <ItemGroup>
    <ClInclude Include="ads\src\ads_globals.h">
      <Filter>Header Files</Filter>
    </ClInclude>
    <ClInclude Include="ads\src\DockComponentsFactory.h">
      <Filter>Header Files</Filter>
    </ClInclude>
    <ClInclude Include="ads\src\DockingStateReader.h">
      <Filter>Header Files</Filter>
    </ClInclude>
    <ClInclude Include="ads\src\IconProvider.h">
      <Filter>Header Files</Filter>
    </ClInclude>
  </ItemGroup>
  <ItemGroup>
    <QtMoc Include="ads\src\DockAreaTabBar.h">
      <Filter>Header Files</Filter>
    </QtMoc>
    <QtMoc Include="ads\src\DockAreaTitleBar.h">
      <Filter>Header Files</Filter>
    </QtMoc>
    <QtMoc Include="ads\src\DockAreaTitleBar_p.h">
      <Filter>Header Files</Filter>
    </QtMoc>
    <QtMoc Include="ads\src\DockAreaWidget.h">
      <Filter>Header Files</Filter>
    </QtMoc>
    <QtMoc Include="ads\src\DockContainerWidget.h">
      <Filter>Header Files</Filter>
    </QtMoc>
    <QtMoc Include="ads\src\DockFocusController.h">
      <Filter>Header Files</Filter>
    </QtMoc>
    <QtMoc Include="ads\src\DockManager.h">
      <Filter>Header Files</Filter>
    </QtMoc>
    <QtMoc Include="ads\src\DockOverlay.h">
      <Filter>Header Files</Filter>
    </QtMoc>
    <QtMoc Include="ads\src\DockSplitter.h">
      <Filter>Header Files</Filter>
    </QtMoc>
    <QtMoc Include="ads\src\DockWidget.h">
      <Filter>Header Files</Filter>
    </QtMoc>
    <QtMoc Include="ads\src\DockWidgetTab.h">
      <Filter>Header Files</Filter>
    </QtMoc>
    <QtMoc Include="ads\src\ElidingLabel.h">
      <Filter>Header Files</Filter>
    </QtMoc>
    <QtMoc Include="ads\src\FloatingDockContainer.h">
      <Filter>Header Files</Filter>
    </QtMoc>
    <QtMoc Include="ads\src\FloatingDragPreview.h">
      <Filter>Header Files</Filter>
    </QtMoc>
    <QtMoc Include="ads\src\AutoHideDockContainer.h">
      <Filter>Header Files</Filter>
    </QtMoc>
    <QtMoc Include="ads\src\AutoHideSideBar.h">
      <Filter>Header Files</Filter>
    </QtMoc>
    <QtMoc Include="ads\src\AutoHideTab.h">
      <Filter>Header Files</Filter>
    </QtMoc>
    <QtMoc Include="ads\src\PushButton.h">
      <Filter>Header Files</Filter>
    </QtMoc>
    <QtMoc Include="ads\src\ResizeHandle.h">
      <Filter>Header Files</Filter>
    </QtMoc>
  </ItemGroup>
  <ItemGroup>
    <ClCompile Include="ads\src\ads_globals.cpp">
      <Filter>Source Files</Filter>
    </ClCompile>
    <ClCompile Include="ads\src\DockAreaTabBar.cpp">
      <Filter>Source Files</Filter>
    </ClCompile>
    <ClCompile Include="ads\src\DockAreaTitleBar.cpp">
      <Filter>Source Files</Filter>
    </ClCompile>
    <ClCompile Include="ads\src\DockAreaWidget.cpp">
      <Filter>Source Files</Filter>
    </ClCompile>
    <ClCompile Include="ads\src\DockComponentsFactory.cpp">
      <Filter>Source Files</Filter>
    </ClCompile>
    <ClCompile Include="ads\src\DockContainerWidget.cpp">
      <Filter>Source Files</Filter>
    </ClCompile>
    <ClCompile Include="ads\src\DockFocusController.cpp">
      <Filter>Source Files</Filter>
    </ClCompile>
    <ClCompile Include="ads\src\DockingStateReader.cpp">
      <Filter>Source Files</Filter>
    </ClCompile>
    <ClCompile Include="ads\src\DockManager.cpp">
      <Filter>Source Files</Filter>
    </ClCompile>
    <ClCompile Include="ads\src\DockOverlay.cpp">
      <Filter>Source Files</Filter>
    </ClCompile>
    <ClCompile Include="ads\src\DockSplitter.cpp">
      <Filter>Source Files</Filter>
    </ClCompile>
    <ClCompile Include="ads\src\DockWidget.cpp">
      <Filter>Source Files</Filter>
    </ClCompile>
    <ClCompile Include="ads\src\DockWidgetTab.cpp">
      <Filter>Source Files</Filter>
    </ClCompile>
    <ClCompile Include="ads\src\ElidingLabel.cpp">
      <Filter>Source Files</Filter>
    </ClCompile>
    <ClCompile Include="ads\src\FloatingDockContainer.cpp">
      <Filter>Source Files</Filter>
    </ClCompile>
    <ClCompile Include="ads\src\FloatingDragPreview.cpp">
      <Filter>Source Files</Filter>
    </ClCompile>
    <ClCompile Include="ads\src\IconProvider.cpp">
      <Filter>Source Files</Filter>
    </ClCompile>
    <ClCompile Include="ads\src\AutoHideDockContainer.cpp">
      <Filter>Source Files</Filter>
    </ClCompile>
    <ClCompile Include="ads\src\AutoHideSideBar.cpp">
      <Filter>Source Files</Filter>
    </ClCompile>
    <ClCompile Include="ads\src\AutoHideTab.cpp">
      <Filter>Source Files</Filter>
    </ClCompile>
    <ClCompile Include="ads\src\PushButton.cpp">
      <Filter>Source Files</Filter>
    </ClCompile>
    <ClCompile Include="ads\src\ResizeHandle.cpp">
      <Filter>Source Files</Filter>
    </ClCompile>
  </ItemGroup>
  <ItemGroup>
    <QtRcc Include="ads\src\ads.qrc">
      <Filter>Resource Files</Filter>
    </QtRcc>
  </ItemGroup>
</Project>